// !$*UTF8*$!
{
	archiveVersion = 1;
	classes = {
	};
	objectVersion = 56;
	objects = {

/* Begin PBXBuildFile section */
		84A0AC5C2A1374EB001100CB /* AppDelegate.swift in Sources */ = {isa = PBXBuildFile; fileRef = 84A0AC5B2A1374EB001100CB /* AppDelegate.swift */; };
		84A0AC5E2A1374EB001100CB /* SceneDelegate.swift in Sources */ = {isa = PBXBuildFile; fileRef = 84A0AC5D2A1374EB001100CB /* SceneDelegate.swift */; };
		84A0AC602A1374EB001100CB /* ViewController.swift in Sources */ = {isa = PBXBuildFile; fileRef = 84A0AC5F2A1374EB001100CB /* ViewController.swift */; };
		84A0AC652A1374ED001100CB /* Assets.xcassets in Resources */ = {isa = PBXBuildFile; fileRef = 84A0AC642A1374ED001100CB /* Assets.xcassets */; };
		84A0AC682A1374ED001100CB /* LaunchScreen.storyboard in Resources */ = {isa = PBXBuildFile; fileRef = 84A0AC662A1374ED001100CB /* LaunchScreen.storyboard */; };
		84A0AC712A14AB4D001100CB /* PlaceAnnotation.swift in Sources */ = {isa = PBXBuildFile; fileRef = 84A0AC702A14AB4D001100CB /* PlaceAnnotation.swift */; };
		84A0AC742A14ACEB001100CB /* CLLocation+Extensions.swift in Sources */ = {isa = PBXBuildFile; fileRef = 84A0AC732A14ACEB001100CB /* CLLocation+Extensions.swift */; };
/* End PBXBuildFile section */

/* Begin PBXFileReference section */
		84A0AC582A1374EB001100CB /* NearMee.app */ = {isa = PBXFileReference; explicitFileType = wrapper.application; includeInIndex = 0; path = NearMee.app; sourceTree = BUILT_PRODUCTS_DIR; };
		84A0AC5B2A1374EB001100CB /* AppDelegate.swift */ = {isa = PBXFileReference; lastKnownFileType = sourcecode.swift; path = AppDelegate.swift; sourceTree = "<group>"; };
		84A0AC5D2A1374EB001100CB /* SceneDelegate.swift */ = {isa = PBXFileReference; lastKnownFileType = sourcecode.swift; path = SceneDelegate.swift; sourceTree = "<group>"; };
		84A0AC5F2A1374EB001100CB /* ViewController.swift */ = {isa = PBXFileReference; lastKnownFileType = sourcecode.swift; path = ViewController.swift; sourceTree = "<group>"; };
		84A0AC642A1374ED001100CB /* Assets.xcassets */ = {isa = PBXFileReference; lastKnownFileType = folder.assetcatalog; path = Assets.xcassets; sourceTree = "<group>"; };
		84A0AC672A1374ED001100CB /* Base */ = {isa = PBXFileReference; lastKnownFileType = file.storyboard; name = Base; path = Base.lproj/LaunchScreen.storyboard; sourceTree = "<group>"; };
		84A0AC692A1374ED001100CB /* Info.plist */ = {isa = PBXFileReference; lastKnownFileType = text.plist.xml; path = Info.plist; sourceTree = "<group>"; };
		84A0AC702A14AB4D001100CB /* PlaceAnnotation.swift */ = {isa = PBXFileReference; lastKnownFileType = sourcecode.swift; path = PlaceAnnotation.swift; sourceTree = "<group>"; };
		84A0AC732A14ACEB001100CB /* CLLocation+Extensions.swift */ = {isa = PBXFileReference; lastKnownFileType = sourcecode.swift; path = "CLLocation+Extensions.swift"; sourceTree = "<group>"; };
/* End PBXFileReference section */

/* Begin PBXFrameworksBuildPhase section */
		84A0AC552A1374EB001100CB /* Frameworks */ = {
			isa = PBXFrameworksBuildPhase;
			buildActionMask = 2147483647;
			files = (
			);
			runOnlyForDeploymentPostprocessing = 0;
		};
/* End PBXFrameworksBuildPhase section */

/* Begin PBXGroup section */
		84A0AC4F2A1374EB001100CB = {
			isa = PBXGroup;
			children = (
				84A0AC5A2A1374EB001100CB /* NearMee */,
				84A0AC592A1374EB001100CB /* Products */,
			);
			sourceTree = "<group>";
		};
		84A0AC592A1374EB001100CB /* Products */ = {
			isa = PBXGroup;
			children = (
				84A0AC582A1374EB001100CB /* NearMee.app */,
			);
			name = Products;
			sourceTree = "<group>";
		};
		84A0AC5A2A1374EB001100CB /* NearMee */ = {
			isa = PBXGroup;
			children = (
				84A0AC722A14ACCE001100CB /* Extensions */,
				84A0AC6F2A14AB2A001100CB /* Annotations */,
				84A0AC5B2A1374EB001100CB /* AppDelegate.swift */,
				84A0AC5D2A1374EB001100CB /* SceneDelegate.swift */,
				84A0AC5F2A1374EB001100CB /* ViewController.swift */,
				84A0AC642A1374ED001100CB /* Assets.xcassets */,
				84A0AC662A1374ED001100CB /* LaunchScreen.storyboard */,
				84A0AC692A1374ED001100CB /* Info.plist */,
			);
			path = NearMee;
			sourceTree = "<group>";
		};
		84A0AC6F2A14AB2A001100CB /* Annotations */ = {
			isa = PBXGroup;
			children = (
				84A0AC702A14AB4D001100CB /* PlaceAnnotation.swift */,
			);
			path = Annotations;
			sourceTree = "<group>";
		};
		84A0AC722A14ACCE001100CB /* Extensions */ = {
			isa = PBXGroup;
			children = (
				84A0AC732A14ACEB001100CB /* CLLocation+Extensions.swift */,
			);
			path = Extensions;
			sourceTree = "<group>";
		};
/* End PBXGroup section */

/* Begin PBXNativeTarget section */
		84A0AC572A1374EB001100CB /* NearMee */ = {
			isa = PBXNativeTarget;
			buildConfigurationList = 84A0AC6C2A1374ED001100CB /* Build configuration list for PBXNativeTarget "NearMee" */;
			buildPhases = (
				84A0AC542A1374EB001100CB /* Sources */,
				84A0AC552A1374EB001100CB /* Frameworks */,
				84A0AC562A1374EB001100CB /* Resources */,
			);
			buildRules = (
			);
			dependencies = (
			);
			name = NearMee;
			productName = NearMee;
			productReference = 84A0AC582A1374EB001100CB /* NearMee.app */;
			productType = "com.apple.product-type.application";
		};
/* End PBXNativeTarget section */

/* Begin PBXProject section */
		84A0AC502A1374EB001100CB /* Project object */ = {
			isa = PBXProject;
			attributes = {
				BuildIndependentTargetsInParallel = 1;
				LastSwiftUpdateCheck = 1410;
				LastUpgradeCheck = 1410;
				TargetAttributes = {
					84A0AC572A1374EB001100CB = {
						CreatedOnToolsVersion = 14.1;
					};
				};
			};
			buildConfigurationList = 84A0AC532A1374EB001100CB /* Build configuration list for PBXProject "NearMee" */;
			compatibilityVersion = "Xcode 14.0";
			developmentRegion = en;
			hasScannedForEncodings = 0;
			knownRegions = (
				en,
				Base,
			);
			mainGroup = 84A0AC4F2A1374EB001100CB;
			productRefGroup = 84A0AC592A1374EB001100CB /* Products */;
			projectDirPath = "";
			projectRoot = "";
			targets = (
				84A0AC572A1374EB001100CB /* NearMee */,
			);
		};
/* End PBXProject section */

/* Begin PBXResourcesBuildPhase section */
		84A0AC562A1374EB001100CB /* Resources */ = {
			isa = PBXResourcesBuildPhase;
			buildActionMask = 2147483647;
			files = (
				84A0AC682A1374ED001100CB /* LaunchScreen.storyboard in Resources */,
				84A0AC652A1374ED001100CB /* Assets.xcassets in Resources */,
			);
			runOnlyForDeploymentPostprocessing = 0;
		};
/* End PBXResourcesBuildPhase section */

/* Begin PBXSourcesBuildPhase section */
		84A0AC542A1374EB001100CB /* Sources */ = {
			isa = PBXSourcesBuildPhase;
			buildActionMask = 2147483647;
			files = (
				84A0AC712A14AB4D001100CB /* PlaceAnnotation.swift in Sources */,
				84A0AC742A14ACEB001100CB /* CLLocation+Extensions.swift in Sources */,
				84A0AC602A1374EB001100CB /* ViewController.swift in Sources */,
				84A0AC5C2A1374EB001100CB /* AppDelegate.swift in Sources */,
				84A0AC5E2A1374EB001100CB /* SceneDelegate.swift in Sources */,
			);
			runOnlyForDeploymentPostprocessing = 0;
		};
/* End PBXSourcesBuildPhase section */

/* Begin PBXVariantGroup section */
		84A0AC662A1374ED001100CB /* LaunchScreen.storyboard */ = {
			isa = PBXVariantGroup;
			children = (
				84A0AC672A1374ED001100CB /* Base */,
			);
			name = LaunchScreen.storyboard;
			sourceTree = "<group>";
		};
/* End PBXVariantGroup section */

/* Begin XCBuildConfiguration section */
		84A0AC6A2A1374ED001100CB /* Debug */ = {
			isa = XCBuildConfiguration;
			buildSettings = {
				ALWAYS_SEARCH_USER_PATHS = NO;
				CLANG_ANALYZER_NONNULL = YES;
				CLANG_ANALYZER_NUMBER_OBJECT_CONVERSION = YES_AGGRESSIVE;
				CLANG_CXX_LANGUAGE_STANDARD = "gnu++20";
				CLANG_ENABLE_MODULES = YES;
				CLANG_ENABLE_OBJC_ARC = YES;
				CLANG_ENABLE_OBJC_WEAK = YES;
				CLANG_WARN_BLOCK_CAPTURE_AUTORELEASING = YES;
				CLANG_WARN_BOOL_CONVERSION = YES;
				CLANG_WARN_COMMA = YES;
				CLANG_WARN_CONSTANT_CONVERSION = YES;
				CLANG_WARN_DEPRECATED_OBJC_IMPLEMENTATIONS = YES;
				CLANG_WARN_DIRECT_OBJC_ISA_USAGE = YES_ERROR;
				CLANG_WARN_DOCUMENTATION_COMMENTS = YES;
				CLANG_WARN_EMPTY_BODY = YES;
				CLANG_WARN_ENUM_CONVERSION = YES;
				CLANG_WARN_INFINITE_RECURSION = YES;
				CLANG_WARN_INT_CONVERSION = YES;
				CLANG_WARN_NON_LITERAL_NULL_CONVERSION = YES;
				CLANG_WARN_OBJC_IMPLICIT_RETAIN_SELF = YES;
				CLANG_WARN_OBJC_LITERAL_CONVERSION = YES;
				CLANG_WARN_OBJC_ROOT_CLASS = YES_ERROR;
				CLANG_WARN_QUOTED_INCLUDE_IN_FRAMEWORK_HEADER = YES;
				CLANG_WARN_RANGE_LOOP_ANALYSIS = YES;
				CLANG_WARN_STRICT_PROTOTYPES = YES;
				CLANG_WARN_SUSPICIOUS_MOVE = YES;
				CLANG_WARN_UNGUARDED_AVAILABILITY = YES_AGGRESSIVE;
				CLANG_WARN_UNREACHABLE_CODE = YES;
				CLANG_WARN__DUPLICATE_METHOD_MATCH = YES;
				COPY_PHASE_STRIP = NO;
				DEBUG_INFORMATION_FORMAT = dwarf;
				ENABLE_STRICT_OBJC_MSGSEND = YES;
				ENABLE_TESTABILITY = YES;
				GCC_C_LANGUAGE_STANDARD = gnu11;
				GCC_DYNAMIC_NO_PIC = NO;
				GCC_NO_COMMON_BLOCKS = YES;
				GCC_OPTIMIZATION_LEVEL = 0;
				GCC_PREPROCESSOR_DEFINITIONS = (
					"DEBUG=1",
					"$(inherited)",
				);
				GCC_WARN_64_TO_32_BIT_CONVERSION = YES;
				GCC_WARN_ABOUT_RETURN_TYPE = YES_ERROR;
				GCC_WARN_UNDECLARED_SELECTOR = YES;
				GCC_WARN_UNINITIALIZED_AUTOS = YES_AGGRESSIVE;
				GCC_WARN_UNUSED_FUNCTION = YES;
				GCC_WARN_UNUSED_VARIABLE = YES;
				IPHONEOS_DEPLOYMENT_TARGET = 16.1;
				MTL_ENABLE_DEBUG_INFO = INCLUDE_SOURCE;
				MTL_FAST_MATH = YES;
				ONLY_ACTIVE_ARCH = YES;
				SDKROOT = iphoneos;
				SWIFT_ACTIVE_COMPILATION_CONDITIONS = DEBUG;
				SWIFT_OPTIMIZATION_LEVEL = "-Onone";
			};
			name = Debug;
		};
		84A0AC6B2A1374ED001100CB /* Release */ = {
			isa = XCBuildConfiguration;
			buildSettings = {
				ALWAYS_SEARCH_USER_PATHS = NO;
				CLANG_ANALYZER_NONNULL = YES;
				CLANG_ANALYZER_NUMBER_OBJECT_CONVERSION = YES_AGGRESSIVE;
				CLANG_CXX_LANGUAGE_STANDARD = "gnu++20";
				CLANG_ENABLE_MODULES = YES;
				CLANG_ENABLE_OBJC_ARC = YES;
				CLANG_ENABLE_OBJC_WEAK = YES;
				CLANG_WARN_BLOCK_CAPTURE_AUTORELEASING = YES;
				CLANG_WARN_BOOL_CONVERSION = YES;
				CLANG_WARN_COMMA = YES;
				CLANG_WARN_CONSTANT_CONVERSION = YES;
				CLANG_WARN_DEPRECATED_OBJC_IMPLEMENTATIONS = YES;
				CLANG_WARN_DIRECT_OBJC_ISA_USAGE = YES_ERROR;
				CLANG_WARN_DOCUMENTATION_COMMENTS = YES;
				CLANG_WARN_EMPTY_BODY = YES;
				CLANG_WARN_ENUM_CONVERSION = YES;
				CLANG_WARN_INFINITE_RECURSION = YES;
				CLANG_WARN_INT_CONVERSION = YES;
				CLANG_WARN_NON_LITERAL_NULL_CONVERSION = YES;
				CLANG_WARN_OBJC_IMPLICIT_RETAIN_SELF = YES;
				CLANG_WARN_OBJC_LITERAL_CONVERSION = YES;
				CLANG_WARN_OBJC_ROOT_CLASS = YES_ERROR;
				CLANG_WARN_QUOTED_INCLUDE_IN_FRAMEWORK_HEADER = YES;
				CLANG_WARN_RANGE_LOOP_ANALYSIS = YES;
				CLANG_WARN_STRICT_PROTOTYPES = YES;
				CLANG_WARN_SUSPICIOUS_MOVE = YES;
				CLANG_WARN_UNGUARDED_AVAILABILITY = YES_AGGRESSIVE;
				CLANG_WARN_UNREACHABLE_CODE = YES;
				CLANG_WARN__DUPLICATE_METHOD_MATCH = YES;
				COPY_PHASE_STRIP = NO;
				DEBUG_INFORMATION_FORMAT = "dwarf-with-dsym";
				ENABLE_NS_ASSERTIONS = NO;
				ENABLE_STRICT_OBJC_MSGSEND = YES;
				GCC_C_LANGUAGE_STANDARD = gnu11;
				GCC_NO_COMMON_BLOCKS = YES;
				GCC_WARN_64_TO_32_BIT_CONVERSION = YES;
				GCC_WARN_ABOUT_RETURN_TYPE = YES_ERROR;
				GCC_WARN_UNDECLARED_SELECTOR = YES;
				GCC_WARN_UNINITIALIZED_AUTOS = YES_AGGRESSIVE;
				GCC_WARN_UNUSED_FUNCTION = YES;
				GCC_WARN_UNUSED_VARIABLE = YES;
				IPHONEOS_DEPLOYMENT_TARGET = 16.1;
				MTL_ENABLE_DEBUG_INFO = NO;
				MTL_FAST_MATH = YES;
				SDKROOT = iphoneos;
				SWIFT_COMPILATION_MODE = wholemodule;
				SWIFT_OPTIMIZATION_LEVEL = "-O";
				VALIDATE_PRODUCT = YES;
			};
			name = Release;
		};
		84A0AC6D2A1374ED001100CB /* Debug */ = {
			isa = XCBuildConfiguration;
			buildSettings = {
				ASSETCATALOG_COMPILER_APPICON_NAME = AppIcon;
				ASSETCATALOG_COMPILER_GLOBAL_ACCENT_COLOR_NAME = AccentColor;
				CODE_SIGN_STYLE = Automatic;
				CURRENT_PROJECT_VERSION = 1;
				DEVELOPMENT_TEAM = 326Z46L2Z3;
				GENERATE_INFOPLIST_FILE = YES;
				INFOPLIST_FILE = NearMee/Info.plist;
				INFOPLIST_KEY_NSLocationAlwaysAndWhenInUseUsageDescription = TrongBinhLe;
				INFOPLIST_KEY_NSLocationWhenInUseUsageDescription = "NearMee requires location so it can offer nearby points of interests";
				INFOPLIST_KEY_UIApplicationSupportsIndirectInputEvents = YES;
				INFOPLIST_KEY_UILaunchStoryboardName = LaunchScreen;
				INFOPLIST_KEY_UISupportedInterfaceOrientations_iPad = "UIInterfaceOrientationPortrait UIInterfaceOrientationPortraitUpsideDown UIInterfaceOrientationLandscapeLeft UIInterfaceOrientationLandscapeRight";
				INFOPLIST_KEY_UISupportedInterfaceOrientations_iPhone = "UIInterfaceOrientationPortrait UIInterfaceOrientationLandscapeLeft UIInterfaceOrientationLandscapeRight";
				LD_RUNPATH_SEARCH_PATHS = (
					"$(inherited)",
					"@executable_path/Frameworks",
				);
				MARKETING_VERSION = 1.0;
				PRODUCT_BUNDLE_IDENTIFIER = com.shrc.tutorial.NearMee;
				PRODUCT_NAME = "$(TARGET_NAME)";
				SWIFT_EMIT_LOC_STRINGS = YES;
				SWIFT_VERSION = 5.0;
				TARGETED_DEVICE_FAMILY = "1,2";
			};
			name = Debug;
		};
		84A0AC6E2A1374ED001100CB /* Release */ = {
			isa = XCBuildConfiguration;
			buildSettings = {
				ASSETCATALOG_COMPILER_APPICON_NAME = AppIcon;
				ASSETCATALOG_COMPILER_GLOBAL_ACCENT_COLOR_NAME = AccentColor;
				CODE_SIGN_STYLE = Automatic;
				CURRENT_PROJECT_VERSION = 1;
				DEVELOPMENT_TEAM = 326Z46L2Z3;
				GENERATE_INFOPLIST_FILE = YES;
				INFOPLIST_FILE = NearMee/Info.plist;
				INFOPLIST_KEY_NSLocationAlwaysAndWhenInUseUsageDescription = TrongBinhLe;
				INFOPLIST_KEY_NSLocationWhenInUseUsageDescription = "NearMee requires location so it can offer nearby points of interests";
				INFOPLIST_KEY_UIApplicationSupportsIndirectInputEvents = YES;
				INFOPLIST_KEY_UILaunchStoryboardName = LaunchScreen;
				INFOPLIST_KEY_UISupportedInterfaceOrientations_iPad = "UIInterfaceOrientationPortrait UIInterfaceOrientationPortraitUpsideDown UIInterfaceOrientationLandscapeLeft UIInterfaceOrientationLandscapeRight";
				INFOPLIST_KEY_UISupportedInterfaceOrientations_iPhone = "UIInterfaceOrientationPortrait UIInterfaceOrientationLandscapeLeft UIInterfaceOrientationLandscapeRight";
				LD_RUNPATH_SEARCH_PATHS = (
					"$(inherited)",
					"@executable_path/Frameworks",
				);
				MARKETING_VERSION = 1.0;
				PRODUCT_BUNDLE_IDENTIFIER = com.shrc.tutorial.NearMee;
				PRODUCT_NAME = "$(TARGET_NAME)";
				SWIFT_EMIT_LOC_STRINGS = YES;
				SWIFT_VERSION = 5.0;
				TARGETED_DEVICE_FAMILY = "1,2";
			};
			name = Release;
		};
/* End XCBuildConfiguration section */

/* Begin XCConfigurationList section */
		84A0AC532A1374EB001100CB /* Build configuration list for PBXProject "NearMee" */ = {
			isa = XCConfigurationList;
			buildConfigurations = (
				84A0AC6A2A1374ED001100CB /* Debug */,
				84A0AC6B2A1374ED001100CB /* Release */,
			);
			defaultConfigurationIsVisible = 0;
			defaultConfigurationName = Release;
		};
		84A0AC6C2A1374ED001100CB /* Build configuration list for PBXNativeTarget "NearMee" */ = {
			isa = XCConfigurationList;
			buildConfigurations = (
				84A0AC6D2A1374ED001100CB /* Debug */,
				84A0AC6E2A1374ED001100CB /* Release */,
			);
			defaultConfigurationIsVisible = 0;
			defaultConfigurationName = Release;
		};
/* End XCConfigurationList section */
	};
	rootObject = 84A0AC502A1374EB001100CB /* Project object */;
}
